// !$*UTF8*$!
{
	archiveVersion = 1;
	classes = {
	};
	objectVersion = 50;
	objects = {

/* Begin PBXBuildFile section */
		39297C5A257E7FA100F1D960 /* ActivityDetailViewController.swift in Sources */ = {isa = PBXBuildFile; fileRef = 39297C59257E7FA100F1D960 /* ActivityDetailViewController.swift */; };
		39297C5F257ED01E00F1D960 /* PlanTableViewCell.swift in Sources */ = {isa = PBXBuildFile; fileRef = 39297C5E257ED01E00F1D960 /* PlanTableViewCell.swift */; };
		39297C64257EEFCC00F1D960 /* PlanViewController.swift in Sources */ = {isa = PBXBuildFile; fileRef = 39297C63257EEFCC00F1D960 /* PlanViewController.swift */; };
		39A6221E257D8A2E00DE5421 /* AppDelegate.swift in Sources */ = {isa = PBXBuildFile; fileRef = 39A6221D257D8A2E00DE5421 /* AppDelegate.swift */; };
		39A62220257D8A2E00DE5421 /* SceneDelegate.swift in Sources */ = {isa = PBXBuildFile; fileRef = 39A6221F257D8A2E00DE5421 /* SceneDelegate.swift */; };
		39A62222257D8A2E00DE5421 /* ViewController.swift in Sources */ = {isa = PBXBuildFile; fileRef = 39A62221257D8A2E00DE5421 /* ViewController.swift */; };
		39A62227257D8A3000DE5421 /* Assets.xcassets in Resources */ = {isa = PBXBuildFile; fileRef = 39A62226257D8A3000DE5421 /* Assets.xcassets */; };
		39A6222A257D8A3000DE5421 /* LaunchScreen.storyboard in Resources */ = {isa = PBXBuildFile; fileRef = 39A62228257D8A3000DE5421 /* LaunchScreen.storyboard */; };
		39A62235257D8A3000DE5421 /* healthyeatTests.swift in Sources */ = {isa = PBXBuildFile; fileRef = 39A62234257D8A3000DE5421 /* healthyeatTests.swift */; };
		39A62240257D8A3000DE5421 /* healthyeatUITests.swift in Sources */ = {isa = PBXBuildFile; fileRef = 39A6223F257D8A3000DE5421 /* healthyeatUITests.swift */; };
		39A62254257D8B9E00DE5421 /* ActivityListViewController.swift in Sources */ = {isa = PBXBuildFile; fileRef = 39A62253257D8B9E00DE5421 /* ActivityListViewController.swift */; };
		39A62259257D8BED00DE5421 /* Activity.swift in Sources */ = {isa = PBXBuildFile; fileRef = 39A62258257D8BED00DE5421 /* Activity.swift */; };
		39A62266257D907800DE5421 /* ActivityTableViewCell.swift in Sources */ = {isa = PBXBuildFile; fileRef = 39A62265257D907800DE5421 /* ActivityTableViewCell.swift */; };
/* End PBXBuildFile section */

/* Begin PBXContainerItemProxy section */
		39A62231257D8A3000DE5421 /* PBXContainerItemProxy */ = {
			isa = PBXContainerItemProxy;
			containerPortal = 39A62212257D8A2E00DE5421 /* Project object */;
			proxyType = 1;
			remoteGlobalIDString = 39A62219257D8A2E00DE5421;
			remoteInfo = healthyeat;
		};
		39A6223C257D8A3000DE5421 /* PBXContainerItemProxy */ = {
			isa = PBXContainerItemProxy;
			containerPortal = 39A62212257D8A2E00DE5421 /* Project object */;
			proxyType = 1;
			remoteGlobalIDString = 39A62219257D8A2E00DE5421;
			remoteInfo = healthyeat;
		};
/* End PBXContainerItemProxy section */

/* Begin PBXFileReference section */
		39297C59257E7FA100F1D960 /* ActivityDetailViewController.swift */ = {isa = PBXFileReference; lastKnownFileType = sourcecode.swift; path = ActivityDetailViewController.swift; sourceTree = "<group>"; };
		39297C5E257ED01E00F1D960 /* PlanTableViewCell.swift */ = {isa = PBXFileReference; lastKnownFileType = sourcecode.swift; path = PlanTableViewCell.swift; sourceTree = "<group>"; };
		39297C63257EEFCC00F1D960 /* PlanViewController.swift */ = {isa = PBXFileReference; lastKnownFileType = sourcecode.swift; path = PlanViewController.swift; sourceTree = "<group>"; };
		39A6221A257D8A2E00DE5421 /* healthyeat.app */ = {isa = PBXFileReference; explicitFileType = wrapper.application; includeInIndex = 0; path = healthyeat.app; sourceTree = BUILT_PRODUCTS_DIR; };
		39A6221D257D8A2E00DE5421 /* AppDelegate.swift */ = {isa = PBXFileReference; lastKnownFileType = sourcecode.swift; path = AppDelegate.swift; sourceTree = "<group>"; };
		39A6221F257D8A2E00DE5421 /* SceneDelegate.swift */ = {isa = PBXFileReference; lastKnownFileType = sourcecode.swift; path = SceneDelegate.swift; sourceTree = "<group>"; };
		39A62221257D8A2E00DE5421 /* ViewController.swift */ = {isa = PBXFileReference; lastKnownFileType = sourcecode.swift; path = ViewController.swift; sourceTree = "<group>"; };
		39A62226257D8A3000DE5421 /* Assets.xcassets */ = {isa = PBXFileReference; lastKnownFileType = folder.assetcatalog; path = Assets.xcassets; sourceTree = "<group>"; };
		39A62229257D8A3000DE5421 /* Base */ = {isa = PBXFileReference; lastKnownFileType = file.storyboard; name = Base; path = Base.lproj/LaunchScreen.storyboard; sourceTree = "<group>"; };
		39A6222B257D8A3000DE5421 /* Info.plist */ = {isa = PBXFileReference; lastKnownFileType = text.plist.xml; path = Info.plist; sourceTree = "<group>"; };
		39A62230257D8A3000DE5421 /* healthyeatTests.xctest */ = {isa = PBXFileReference; explicitFileType = wrapper.cfbundle; includeInIndex = 0; path = healthyeatTests.xctest; sourceTree = BUILT_PRODUCTS_DIR; };
		39A62234257D8A3000DE5421 /* healthyeatTests.swift */ = {isa = PBXFileReference; lastKnownFileType = sourcecode.swift; path = healthyeatTests.swift; sourceTree = "<group>"; };
		39A62236257D8A3000DE5421 /* Info.plist */ = {isa = PBXFileReference; lastKnownFileType = text.plist.xml; path = Info.plist; sourceTree = "<group>"; };
		39A6223B257D8A3000DE5421 /* healthyeatUITests.xctest */ = {isa = PBXFileReference; explicitFileType = wrapper.cfbundle; includeInIndex = 0; path = healthyeatUITests.xctest; sourceTree = BUILT_PRODUCTS_DIR; };
		39A6223F257D8A3000DE5421 /* healthyeatUITests.swift */ = {isa = PBXFileReference; lastKnownFileType = sourcecode.swift; path = healthyeatUITests.swift; sourceTree = "<group>"; };
		39A62241257D8A3000DE5421 /* Info.plist */ = {isa = PBXFileReference; lastKnownFileType = text.plist.xml; path = Info.plist; sourceTree = "<group>"; };
		39A62253257D8B9E00DE5421 /* ActivityListViewController.swift */ = {isa = PBXFileReference; lastKnownFileType = sourcecode.swift; path = ActivityListViewController.swift; sourceTree = "<group>"; };
		39A62258257D8BED00DE5421 /* Activity.swift */ = {isa = PBXFileReference; lastKnownFileType = sourcecode.swift; path = Activity.swift; sourceTree = "<group>"; };
		39A62265257D907800DE5421 /* ActivityTableViewCell.swift */ = {isa = PBXFileReference; lastKnownFileType = sourcecode.swift; path = ActivityTableViewCell.swift; sourceTree = "<group>"; };
/* End PBXFileReference section */

/* Begin PBXFrameworksBuildPhase section */
		39A62217257D8A2E00DE5421 /* Frameworks */ = {
			isa = PBXFrameworksBuildPhase;
			buildActionMask = 2147483647;
			files = (
			);
			runOnlyForDeploymentPostprocessing = 0;
		};
		39A6222D257D8A3000DE5421 /* Frameworks */ = {
			isa = PBXFrameworksBuildPhase;
			buildActionMask = 2147483647;
			files = (
			);
			runOnlyForDeploymentPostprocessing = 0;
		};
		39A62238257D8A3000DE5421 /* Frameworks */ = {
			isa = PBXFrameworksBuildPhase;
			buildActionMask = 2147483647;
			files = (
			);
			runOnlyForDeploymentPostprocessing = 0;
		};
/* End PBXFrameworksBuildPhase section */

/* Begin PBXGroup section */
		39A62211257D8A2E00DE5421 = {
			isa = PBXGroup;
			children = (
				39A6221C257D8A2E00DE5421 /* healthyeat */,
				39A6223E257D8A3000DE5421 /* healthyeatUITests */,
				39A6221B257D8A2E00DE5421 /* Products */,
			);
			sourceTree = "<group>";
		};
		39A6221B257D8A2E00DE5421 /* Products */ = {
			isa = PBXGroup;
			children = (
				39A6221A257D8A2E00DE5421 /* healthyeat.app */,
				39A62230257D8A3000DE5421 /* healthyeatTests.xctest */,
				39A6223B257D8A3000DE5421 /* healthyeatUITests.xctest */,
			);
			name = Products;
			sourceTree = "<group>";
		};
		39A6221C257D8A2E00DE5421 /* healthyeat */ = {
			isa = PBXGroup;
			children = (
				39A6221D257D8A2E00DE5421 /* AppDelegate.swift */,
				39A6221F257D8A2E00DE5421 /* SceneDelegate.swift */,
				39A62221257D8A2E00DE5421 /* ViewController.swift */,
				39A62253257D8B9E00DE5421 /* ActivityListViewController.swift */,
				39A62233257D8A3000DE5421 /* healthyeatTests */,
				39297C59257E7FA100F1D960 /* ActivityDetailViewController.swift */,
				39A62258257D8BED00DE5421 /* Activity.swift */,
				39A62265257D907800DE5421 /* ActivityTableViewCell.swift */,
				39297C5E257ED01E00F1D960 /* PlanTableViewCell.swift */,
				39A62226257D8A3000DE5421 /* Assets.xcassets */,
				39A62228257D8A3000DE5421 /* LaunchScreen.storyboard */,
				39A6222B257D8A3000DE5421 /* Info.plist */,
				39297C63257EEFCC00F1D960 /* PlanViewController.swift */,
			);
			path = healthyeat;
			sourceTree = "<group>";
		};
		39A62233257D8A3000DE5421 /* healthyeatTests */ = {
			isa = PBXGroup;
			children = (
				39A62234257D8A3000DE5421 /* healthyeatTests.swift */,
				39A62236257D8A3000DE5421 /* Info.plist */,
			);
			path = healthyeatTests;
			sourceTree = "<group>";
		};
		39A6223E257D8A3000DE5421 /* healthyeatUITests */ = {
			isa = PBXGroup;
			children = (
				39A6223F257D8A3000DE5421 /* healthyeatUITests.swift */,
				39A62241257D8A3000DE5421 /* Info.plist */,
			);
			path = healthyeatUITests;
			sourceTree = "<group>";
		};
/* End PBXGroup section */

/* Begin PBXNativeTarget section */
		39A62219257D8A2E00DE5421 /* healthyeat */ = {
			isa = PBXNativeTarget;
			buildConfigurationList = 39A62244257D8A3000DE5421 /* Build configuration list for PBXNativeTarget "healthyeat" */;
			buildPhases = (
				39A62216257D8A2E00DE5421 /* Sources */,
				39A62217257D8A2E00DE5421 /* Frameworks */,
				39A62218257D8A2E00DE5421 /* Resources */,
			);
			buildRules = (
			);
			dependencies = (
			);
			name = healthyeat;
			productName = healthyeat;
			productReference = 39A6221A257D8A2E00DE5421 /* healthyeat.app */;
			productType = "com.apple.product-type.application";
		};
		39A6222F257D8A3000DE5421 /* healthyeatTests */ = {
			isa = PBXNativeTarget;
			buildConfigurationList = 39A62247257D8A3000DE5421 /* Build configuration list for PBXNativeTarget "healthyeatTests" */;
			buildPhases = (
				39A6222C257D8A3000DE5421 /* Sources */,
				39A6222D257D8A3000DE5421 /* Frameworks */,
				39A6222E257D8A3000DE5421 /* Resources */,
			);
			buildRules = (
			);
			dependencies = (
				39A62232257D8A3000DE5421 /* PBXTargetDependency */,
			);
			name = healthyeatTests;
			productName = healthyeatTests;
			productReference = 39A62230257D8A3000DE5421 /* healthyeatTests.xctest */;
			productType = "com.apple.product-type.bundle.unit-test";
		};
		39A6223A257D8A3000DE5421 /* healthyeatUITests */ = {
			isa = PBXNativeTarget;
			buildConfigurationList = 39A6224A257D8A3000DE5421 /* Build configuration list for PBXNativeTarget "healthyeatUITests" */;
			buildPhases = (
				39A62237257D8A3000DE5421 /* Sources */,
				39A62238257D8A3000DE5421 /* Frameworks */,
				39A62239257D8A3000DE5421 /* Resources */,
			);
			buildRules = (
			);
			dependencies = (
				39A6223D257D8A3000DE5421 /* PBXTargetDependency */,
			);
			name = healthyeatUITests;
			productName = healthyeatUITests;
			productReference = 39A6223B257D8A3000DE5421 /* healthyeatUITests.xctest */;
			productType = "com.apple.product-type.bundle.ui-testing";
		};
/* End PBXNativeTarget section */

/* Begin PBXProject section */
		39A62212257D8A2E00DE5421 /* Project object */ = {
			isa = PBXProject;
			attributes = {
				LastSwiftUpdateCheck = 1220;
				LastUpgradeCheck = 1220;
				TargetAttributes = {
					39A62219257D8A2E00DE5421 = {
						CreatedOnToolsVersion = 12.2;
					};
					39A6222F257D8A3000DE5421 = {
						CreatedOnToolsVersion = 12.2;
						TestTargetID = 39A62219257D8A2E00DE5421;
					};
					39A6223A257D8A3000DE5421 = {
						CreatedOnToolsVersion = 12.2;
						TestTargetID = 39A62219257D8A2E00DE5421;
					};
				};
			};
			buildConfigurationList = 39A62215257D8A2E00DE5421 /* Build configuration list for PBXProject "healthyeat" */;
			compatibilityVersion = "Xcode 9.3";
			developmentRegion = en;
			hasScannedForEncodings = 0;
			knownRegions = (
				en,
				Base,
			);
			mainGroup = 39A62211257D8A2E00DE5421;
			productRefGroup = 39A6221B257D8A2E00DE5421 /* Products */;
			projectDirPath = "";
			projectRoot = "";
			targets = (
				39A62219257D8A2E00DE5421 /* healthyeat */,
				39A6222F257D8A3000DE5421 /* healthyeatTests */,
				39A6223A257D8A3000DE5421 /* healthyeatUITests */,
			);
		};
/* End PBXProject section */

/* Begin PBXResourcesBuildPhase section */
		39A62218257D8A2E00DE5421 /* Resources */ = {
			isa = PBXResourcesBuildPhase;
			buildActionMask = 2147483647;
			files = (
				39A6222A257D8A3000DE5421 /* LaunchScreen.storyboard in Resources */,
				39A62227257D8A3000DE5421 /* Assets.xcassets in Resources */,
			);
			runOnlyForDeploymentPostprocessing = 0;
		};
		39A6222E257D8A3000DE5421 /* Resources */ = {
			isa = PBXResourcesBuildPhase;
			buildActionMask = 2147483647;
			files = (
			);
			runOnlyForDeploymentPostprocessing = 0;
		};
		39A62239257D8A3000DE5421 /* Resources */ = {
			isa = PBXResourcesBuildPhase;
			buildActionMask = 2147483647;
			files = (
			);
			runOnlyForDeploymentPostprocessing = 0;
		};
/* End PBXResourcesBuildPhase section */

/* Begin PBXSourcesBuildPhase section */
		39A62216257D8A2E00DE5421 /* Sources */ = {
			isa = PBXSourcesBuildPhase;
			buildActionMask = 2147483647;
			files = (
				39297C5F257ED01E00F1D960 /* PlanTableViewCell.swift in Sources */,
				39A62259257D8BED00DE5421 /* Activity.swift in Sources */,
				39A62254257D8B9E00DE5421 /* ActivityListViewController.swift in Sources */,
				39297C5A257E7FA100F1D960 /* ActivityDetailViewController.swift in Sources */,
				39A62266257D907800DE5421 /* ActivityTableViewCell.swift in Sources */,
				39A62222257D8A2E00DE5421 /* ViewController.swift in Sources */,
				39A6221E257D8A2E00DE5421 /* AppDelegate.swift in Sources */,
				39A62220257D8A2E00DE5421 /* SceneDelegate.swift in Sources */,
				39297C64257EEFCC00F1D960 /* PlanViewController.swift in Sources */,
			);
			runOnlyForDeploymentPostprocessing = 0;
		};
		39A6222C257D8A3000DE5421 /* Sources */ = {
			isa = PBXSourcesBuildPhase;
			buildActionMask = 2147483647;
			files = (
				39A62235257D8A3000DE5421 /* healthyeatTests.swift in Sources */,
			);
			runOnlyForDeploymentPostprocessing = 0;
		};
		39A62237257D8A3000DE5421 /* Sources */ = {
			isa = PBXSourcesBuildPhase;
			buildActionMask = 2147483647;
			files = (
				39A62240257D8A3000DE5421 /* healthyeatUITests.swift in Sources */,
			);
			runOnlyForDeploymentPostprocessing = 0;
		};
/* End PBXSourcesBuildPhase section */

/* Begin PBXTargetDependency section */
		39A62232257D8A3000DE5421 /* PBXTargetDependency */ = {
			isa = PBXTargetDependency;
			target = 39A62219257D8A2E00DE5421 /* healthyeat */;
			targetProxy = 39A62231257D8A3000DE5421 /* PBXContainerItemProxy */;
		};
		39A6223D257D8A3000DE5421 /* PBXTargetDependency */ = {
			isa = PBXTargetDependency;
			target = 39A62219257D8A2E00DE5421 /* healthyeat */;
			targetProxy = 39A6223C257D8A3000DE5421 /* PBXContainerItemProxy */;
		};
/* End PBXTargetDependency section */

/* Begin PBXVariantGroup section */
		39A62228257D8A3000DE5421 /* LaunchScreen.storyboard */ = {
			isa = PBXVariantGroup;
			children = (
				39A62229257D8A3000DE5421 /* Base */,
			);
			name = LaunchScreen.storyboard;
			sourceTree = "<group>";
		};
/* End PBXVariantGroup section */

/* Begin XCBuildConfiguration section */
		39A62242257D8A3000DE5421 /* Debug */ = {
			isa = XCBuildConfiguration;
			buildSettings = {
				ALWAYS_SEARCH_USER_PATHS = NO;
				CLANG_ANALYZER_NONNULL = YES;
				CLANG_ANALYZER_NUMBER_OBJECT_CONVERSION = YES_AGGRESSIVE;
				CLANG_CXX_LANGUAGE_STANDARD = "gnu++14";
				CLANG_CXX_LIBRARY = "libc++";
				CLANG_ENABLE_MODULES = YES;
				CLANG_ENABLE_OBJC_ARC = YES;
				CLANG_ENABLE_OBJC_WEAK = YES;
				CLANG_WARN_BLOCK_CAPTURE_AUTORELEASING = YES;
				CLANG_WARN_BOOL_CONVERSION = YES;
				CLANG_WARN_COMMA = YES;
				CLANG_WARN_CONSTANT_CONVERSION = YES;
				CLANG_WARN_DEPRECATED_OBJC_IMPLEMENTATIONS = YES;
				CLANG_WARN_DIRECT_OBJC_ISA_USAGE = YES_ERROR;
				CLANG_WARN_DOCUMENTATION_COMMENTS = YES;
				CLANG_WARN_EMPTY_BODY = YES;
				CLANG_WARN_ENUM_CONVERSION = YES;
				CLANG_WARN_INFINITE_RECURSION = YES;
				CLANG_WARN_INT_CONVERSION = YES;
				CLANG_WARN_NON_LITERAL_NULL_CONVERSION = YES;
				CLANG_WARN_OBJC_IMPLICIT_RETAIN_SELF = YES;
				CLANG_WARN_OBJC_LITERAL_CONVERSION = YES;
				CLANG_WARN_OBJC_ROOT_CLASS = YES_ERROR;
				CLANG_WARN_QUOTED_INCLUDE_IN_FRAMEWORK_HEADER = YES;
				CLANG_WARN_RANGE_LOOP_ANALYSIS = YES;
				CLANG_WARN_STRICT_PROTOTYPES = YES;
				CLANG_WARN_SUSPICIOUS_MOVE = YES;
				CLANG_WARN_UNGUARDED_AVAILABILITY = YES_AGGRESSIVE;
				CLANG_WARN_UNREACHABLE_CODE = YES;
				CLANG_WARN__DUPLICATE_METHOD_MATCH = YES;
				COPY_PHASE_STRIP = NO;
				DEBUG_INFORMATION_FORMAT = dwarf;
				ENABLE_STRICT_OBJC_MSGSEND = YES;
				ENABLE_TESTABILITY = YES;
				GCC_C_LANGUAGE_STANDARD = gnu11;
				GCC_DYNAMIC_NO_PIC = NO;
				GCC_NO_COMMON_BLOCKS = YES;
				GCC_OPTIMIZATION_LEVEL = 0;
				GCC_PREPROCESSOR_DEFINITIONS = (
					"DEBUG=1",
					"$(inherited)",
				);
				GCC_WARN_64_TO_32_BIT_CONVERSION = YES;
				GCC_WARN_ABOUT_RETURN_TYPE = YES_ERROR;
				GCC_WARN_UNDECLARED_SELECTOR = YES;
				GCC_WARN_UNINITIALIZED_AUTOS = YES_AGGRESSIVE;
				GCC_WARN_UNUSED_FUNCTION = YES;
				GCC_WARN_UNUSED_VARIABLE = YES;
				IPHONEOS_DEPLOYMENT_TARGET = 14.2;
				MTL_ENABLE_DEBUG_INFO = INCLUDE_SOURCE;
				MTL_FAST_MATH = YES;
				ONLY_ACTIVE_ARCH = YES;
				SDKROOT = iphoneos;
				SWIFT_ACTIVE_COMPILATION_CONDITIONS = DEBUG;
				SWIFT_OPTIMIZATION_LEVEL = "-Onone";
			};
			name = Debug;
		};
		39A62243257D8A3000DE5421 /* Release */ = {
			isa = XCBuildConfiguration;
			buildSettings = {
				ALWAYS_SEARCH_USER_PATHS = NO;
				CLANG_ANALYZER_NONNULL = YES;
				CLANG_ANALYZER_NUMBER_OBJECT_CONVERSION = YES_AGGRESSIVE;
				CLANG_CXX_LANGUAGE_STANDARD = "gnu++14";
				CLANG_CXX_LIBRARY = "libc++";
				CLANG_ENABLE_MODULES = YES;
				CLANG_ENABLE_OBJC_ARC = YES;
				CLANG_ENABLE_OBJC_WEAK = YES;
				CLANG_WARN_BLOCK_CAPTURE_AUTORELEASING = YES;
				CLANG_WARN_BOOL_CONVERSION = YES;
				CLANG_WARN_COMMA = YES;
				CLANG_WARN_CONSTANT_CONVERSION = YES;
				CLANG_WARN_DEPRECATED_OBJC_IMPLEMENTATIONS = YES;
				CLANG_WARN_DIRECT_OBJC_ISA_USAGE = YES_ERROR;
				CLANG_WARN_DOCUMENTATION_COMMENTS = YES;
				CLANG_WARN_EMPTY_BODY = YES;
				CLANG_WARN_ENUM_CONVERSION = YES;
				CLANG_WARN_INFINITE_RECURSION = YES;
				CLANG_WARN_INT_CONVERSION = YES;
				CLANG_WARN_NON_LITERAL_NULL_CONVERSION = YES;
				CLANG_WARN_OBJC_IMPLICIT_RETAIN_SELF = YES;
				CLANG_WARN_OBJC_LITERAL_CONVERSION = YES;
				CLANG_WARN_OBJC_ROOT_CLASS = YES_ERROR;
				CLANG_WARN_QUOTED_INCLUDE_IN_FRAMEWORK_HEADER = YES;
				CLANG_WARN_RANGE_LOOP_ANALYSIS = YES;
				CLANG_WARN_STRICT_PROTOTYPES = YES;
				CLANG_WARN_SUSPICIOUS_MOVE = YES;
				CLANG_WARN_UNGUARDED_AVAILABILITY = YES_AGGRESSIVE;
				CLANG_WARN_UNREACHABLE_CODE = YES;
				CLANG_WARN__DUPLICATE_METHOD_MATCH = YES;
				COPY_PHASE_STRIP = NO;
				DEBUG_INFORMATION_FORMAT = "dwarf-with-dsym";
				ENABLE_NS_ASSERTIONS = NO;
				ENABLE_STRICT_OBJC_MSGSEND = YES;
				GCC_C_LANGUAGE_STANDARD = gnu11;
				GCC_NO_COMMON_BLOCKS = YES;
				GCC_WARN_64_TO_32_BIT_CONVERSION = YES;
				GCC_WARN_ABOUT_RETURN_TYPE = YES_ERROR;
				GCC_WARN_UNDECLARED_SELECTOR = YES;
				GCC_WARN_UNINITIALIZED_AUTOS = YES_AGGRESSIVE;
				GCC_WARN_UNUSED_FUNCTION = YES;
				GCC_WARN_UNUSED_VARIABLE = YES;
				IPHONEOS_DEPLOYMENT_TARGET = 14.2;
				MTL_ENABLE_DEBUG_INFO = NO;
				MTL_FAST_MATH = YES;
				SDKROOT = iphoneos;
				SWIFT_COMPILATION_MODE = wholemodule;
				SWIFT_OPTIMIZATION_LEVEL = "-O";
				VALIDATE_PRODUCT = YES;
			};
			name = Release;
		};
		39A62245257D8A3000DE5421 /* Debug */ = {
			isa = XCBuildConfiguration;
			buildSettings = {
				ASSETCATALOG_COMPILER_APPICON_NAME = AppIcon;
				ASSETCATALOG_COMPILER_GLOBAL_ACCENT_COLOR_NAME = AccentColor;
				CODE_SIGN_STYLE = Automatic;
				INFOPLIST_FILE = healthyeat/Info.plist;
				LD_RUNPATH_SEARCH_PATHS = (
					"$(inherited)",
					"@executable_path/Frameworks",
				);
				PRODUCT_BUNDLE_IDENTIFIER = com.yexinwu.healthyeat;
				PRODUCT_NAME = "$(TARGET_NAME)";
				SWIFT_VERSION = 5.0;
				TARGETED_DEVICE_FAMILY = "1,2";
			};
			name = Debug;
		};
		39A62246257D8A3000DE5421 /* Release */ = {
			isa = XCBuildConfiguration;
			buildSettings = {
				ASSETCATALOG_COMPILER_APPICON_NAME = AppIcon;
				ASSETCATALOG_COMPILER_GLOBAL_ACCENT_COLOR_NAME = AccentColor;
				CODE_SIGN_STYLE = Automatic;
				INFOPLIST_FILE = healthyeat/Info.plist;
				LD_RUNPATH_SEARCH_PATHS = (
					"$(inherited)",
					"@executable_path/Frameworks",
				);
				PRODUCT_BUNDLE_IDENTIFIER = com.yexinwu.healthyeat;
				PRODUCT_NAME = "$(TARGET_NAME)";
				SWIFT_VERSION = 5.0;
				TARGETED_DEVICE_FAMILY = "1,2";
			};
			name = Release;
		};
		39A62248257D8A3000DE5421 /* Debug */ = {
			isa = XCBuildConfiguration;
			buildSettings = {
				ALWAYS_EMBED_SWIFT_STANDARD_LIBRARIES = YES;
				BUNDLE_LOADER = "$(TEST_HOST)";
				CODE_SIGN_STYLE = Automatic;
				INFOPLIST_FILE = healthyeatTests/Info.plist;
				IPHONEOS_DEPLOYMENT_TARGET = 14.2;
				LD_RUNPATH_SEARCH_PATHS = (
					"$(inherited)",
					"@executable_path/Frameworks",
					"@loader_path/Frameworks",
				);
				PRODUCT_BUNDLE_IDENTIFIER = com.yexinwu.healthyeatTests;
				PRODUCT_NAME = "$(TARGET_NAME)";
				SWIFT_VERSION = 5.0;
				TARGETED_DEVICE_FAMILY = "1,2";
				TEST_HOST = "$(BUILT_PRODUCTS_DIR)/healthyeat.app/healthyeat";
			};
			name = Debug;
		};
		39A62249257D8A3000DE5421 /* Release */ = {
			isa = XCBuildConfiguration;
			buildSettings = {
				ALWAYS_EMBED_SWIFT_STANDARD_LIBRARIES = YES;
				BUNDLE_LOADER = "$(TEST_HOST)";
				CODE_SIGN_STYLE = Automatic;
				INFOPLIST_FILE = healthyeatTests/Info.plist;
				IPHONEOS_DEPLOYMENT_TARGET = 14.2;
				LD_RUNPATH_SEARCH_PATHS = (
					"$(inherited)",
					"@executable_path/Frameworks",
					"@loader_path/Frameworks",
				);
				PRODUCT_BUNDLE_IDENTIFIER = com.yexinwu.healthyeatTests;
				PRODUCT_NAME = "$(TARGET_NAME)";
				SWIFT_VERSION = 5.0;
				TARGETED_DEVICE_FAMILY = "1,2";
				TEST_HOST = "$(BUILT_PRODUCTS_DIR)/healthyeat.app/healthyeat";
			};
			name = Release;
		};
		39A6224B257D8A3000DE5421 /* Debug */ = {
			isa = XCBuildConfiguration;
			buildSettings = {
				ALWAYS_EMBED_SWIFT_STANDARD_LIBRARIES = YES;
				CODE_SIGN_STYLE = Automatic;
				INFOPLIST_FILE = healthyeatUITests/Info.plist;
				LD_RUNPATH_SEARCH_PATHS = (
					"$(inherited)",
					"@executable_path/Frameworks",
					"@loader_path/Frameworks",
				);
				PRODUCT_BUNDLE_IDENTIFIER = com.yexinwu.healthyeatUITests;
				PRODUCT_NAME = "$(TARGET_NAME)";
				SWIFT_VERSION = 5.0;
				TARGETED_DEVICE_FAMILY = "1,2";
				TEST_TARGET_NAME = healthyeat;
			};
			name = Debug;
		};
		39A6224C257D8A3000DE5421 /* Release */ = {
			isa = XCBuildConfiguration;
			buildSettings = {
				ALWAYS_EMBED_SWIFT_STANDARD_LIBRARIES = YES;
				CODE_SIGN_STYLE = Automatic;
				INFOPLIST_FILE = healthyeatUITests/Info.plist;
				LD_RUNPATH_SEARCH_PATHS = (
					"$(inherited)",
					"@executable_path/Frameworks",
					"@loader_path/Frameworks",
				);
				PRODUCT_BUNDLE_IDENTIFIER = com.yexinwu.healthyeatUITests;
				PRODUCT_NAME = "$(TARGET_NAME)";
				SWIFT_VERSION = 5.0;
				TARGETED_DEVICE_FAMILY = "1,2";
				TEST_TARGET_NAME = healthyeat;
			};
			name = Release;
		};
/* End XCBuildConfiguration section */

/* Begin XCConfigurationList section */
		39A62215257D8A2E00DE5421 /* Build configuration list for PBXProject "healthyeat" */ = {
			isa = XCConfigurationList;
			buildConfigurations = (
				39A62242257D8A3000DE5421 /* Debug */,
				39A62243257D8A3000DE5421 /* Release */,
			);
			defaultConfigurationIsVisible = 0;
			defaultConfigurationName = Release;
		};
		39A62244257D8A3000DE5421 /* Build configuration list for PBXNativeTarget "healthyeat" */ = {
			isa = XCConfigurationList;
			buildConfigurations = (
				39A62245257D8A3000DE5421 /* Debug */,
				39A62246257D8A3000DE5421 /* Release */,
			);
			defaultConfigurationIsVisible = 0;
			defaultConfigurationName = Release;
		};
		39A62247257D8A3000DE5421 /* Build configuration list for PBXNativeTarget "healthyeatTests" */ = {
			isa = XCConfigurationList;
			buildConfigurations = (
				39A62248257D8A3000DE5421 /* Debug */,
				39A62249257D8A3000DE5421 /* Release */,
			);
			defaultConfigurationIsVisible = 0;
			defaultConfigurationName = Release;
		};
		39A6224A257D8A3000DE5421 /* Build configuration list for PBXNativeTarget "healthyeatUITests" */ = {
			isa = XCConfigurationList;
			buildConfigurations = (
				39A6224B257D8A3000DE5421 /* Debug */,
				39A6224C257D8A3000DE5421 /* Release */,
			);
			defaultConfigurationIsVisible = 0;
			defaultConfigurationName = Release;
		};
/* End XCConfigurationList section */
	};
	rootObject = 39A62212257D8A2E00DE5421 /* Project object */;
}
